
Microsoft Visual Studio Solution File, Format Version 12.00
# Visual Studio Version 16
VisualStudioVersion = 16.0.31702.278
MinimumVisualStudioVersion = 10.0.40219.1
Project("{8BC9CEB8-8B4A-11D0-8D11-00A0C91BC942}") = "Project1", "test2\test2.vcxproj", "{7942590D-1A2A-4542-BF71-EC155035A210}"
EndProject
Project("{8BC9CEB8-8B4A-11D0-8D11-00A0C91BC942}") = "Project2", "Project2\Project2.vcxproj", "{1D7D6941-BB5B-4DFA-9983-E6E477824261}"
EndProject
Project("{8BC9CEB8-8B4A-11D0-8D11-00A0C91BC942}") = "Project3", "Project3\Project3.vcxproj", "{67E90EBE-2465-46D2-937A-18B0B0548347}"
EndProject
Global
	GlobalSection(SolutionConfigurationPlatforms) = preSolution
		Debug|x64 = Debug|x64
		Debug|x86 = Debug|x86
		Release|x64 = Release|x64
		Release|x86 = Release|x86
	EndGlobalSection
	GlobalSection(ProjectConfigurationPlatforms) = postSolution
		{7942590D-1A2A-4542-BF71-EC155035A210}.Debug|x64.ActiveCfg = Debug|x64
		{7942590D-1A2A-4542-BF71-EC155035A210}.Debug|x64.Build.0 = Debug|x64
		{7942590D-1A2A-4542-BF71-EC155035A210}.Debug|x86.ActiveCfg = Debug|Win32
		{7942590D-1A2A-4542-BF71-EC155035A210}.Debug|x86.Build.0 = Debug|Win32
		{7942590D-1A2A-4542-BF71-EC155035A210}.Release|x64.ActiveCfg = Release|x64
		{7942590D-1A2A-4542-BF71-EC155035A210}.Release|x64.Build.0 = Release|x64
		{7942590D-1A2A-4542-BF71-EC155035A210}.Release|x86.ActiveCfg = Release|Win32
		{7942590D-1A2A-4542-BF71-EC155035A210}.Release|x86.Build.0 = Release|Win32
		{1D7D6941-BB5B-4DFA-9983-E6E477824261}.Debug|x64.ActiveCfg = Debug|x64
		{1D7D6941-BB5B-4DFA-9983-E6E477824261}.Debug|x64.Build.0 = Debug|x64
		{1D7D6941-BB5B-4DFA-9983-E6E477824261}.Debug|x86.ActiveCfg = Debug|Win32
		{1D7D6941-BB5B-4DFA-9983-E6E477824261}.Debug|x86.Build.0 = Debug|Win32
		{1D7D6941-BB5B-4DFA-9983-E6E477824261}.Release|x64.ActiveCfg = Release|x64
		{1D7D6941-BB5B-4DFA-9983-E6E477824261}.Release|x64.Build.0 = Release|x64
		{1D7D6941-BB5B-4DFA-9983-E6E477824261}.Release|x86.ActiveCfg = Release|Win32
		{1D7D6941-BB5B-4DFA-9983-E6E477824261}.Release|x86.Build.0 = Release|Win32
		{67E90EBE-2465-46D2-937A-18B0B0548347}.Debug|x64.ActiveCfg = Debug|x64
		{67E90EBE-2465-46D2-937A-18B0B0548347}.Debug|x64.Build.0 = Debug|x64
		{67E90EBE-2465-46D2-937A-18B0B0548347}.Debug|x86.ActiveCfg = Debug|Win32
		{67E90EBE-2465-46D2-937A-18B0B0548347}.Debug|x86.Build.0 = Debug|Win32
		{67E90EBE-2465-46D2-937A-18B0B0548347}.Release|x64.ActiveCfg = Release|x64
		{67E90EBE-2465-46D2-937A-18B0B0548347}.Release|x64.Build.0 = Release|x64
		{67E90EBE-2465-46D2-937A-18B0B0548347}.Release|x86.ActiveCfg = Release|Win32
		{67E90EBE-2465-46D2-937A-18B0B0548347}.Release|x86.Build.0 = Release|Win32
	EndGlobalSection
	GlobalSection(SolutionProperties) = preSolution
		HideSolutionNode = FALSE
	EndGlobalSection
	GlobalSection(ExtensibilityGlobals) = postSolution
		SolutionGuid = {4B23ED3E-5760-4DBD-BAC3-B053CEC2C5B4}
	EndGlobalSection
EndGlobal
